
Microsoft Visual Studio Solution File, Format Version 12.00
# Visual Studio Version 17
VisualStudioVersion = 17.4.33403.182
MinimumVisualStudioVersion = 10.0.40219.1
Project("{FAE04EC0-301F-11D3-BF4B-00C04F79EFBC}") = "DoomCards", "DoomCards\DoomCards.csproj", "{847A1FD5-79F2-431C-90F4-13BDCA322685}"
EndProject
Global
	GlobalSection(SolutionConfigurationPlatforms) = preSolution
		Debug|Any CPU = Debug|Any CPU
		Release|Any CPU = Release|Any CPU
	EndGlobalSection
	GlobalSection(ProjectConfigurationPlatforms) = postSolution
		{847A1FD5-79F2-431C-90F4-13BDCA322685}.Debug|Any CPU.ActiveCfg = Debug|Any CPU
		{847A1FD5-79F2-431C-90F4-13BDCA322685}.Debug|Any CPU.Build.0 = Debug|Any CPU
		{847A1FD5-79F2-431C-90F4-13BDCA322685}.Release|Any CPU.ActiveCfg = Release|Any CPU
		{847A1FD5-79F2-431C-90F4-13BDCA322685}.Release|Any CPU.Build.0 = Release|Any CPU
	EndGlobalSection
	GlobalSection(SolutionProperties) = preSolution
		HideSolutionNode = FALSE
	EndGlobalSection
	GlobalSection(ExtensibilityGlobals) = postSolution
		SolutionGuid = {184027AD-8406-41B3-8A26-2E90EFDA6B72}
	EndGlobalSection
EndGlobal
